// !$*UTF8*$!
{
	archiveVersion = 1;
	classes = {
	};
	objectVersion = 50;
	objects = {

/* Begin PBXBuildFile section */
		205675AF20764816003144BA /* AppDelegate.swift in Sources */ = {isa = PBXBuildFile; fileRef = 205675AE20764816003144BA /* AppDelegate.swift */; };
		205675B420764816003144BA /* Main.storyboard in Resources */ = {isa = PBXBuildFile; fileRef = 205675B220764816003144BA /* Main.storyboard */; };
		205675B720764816003144BA /* Les_monuments_franc_ais.xcdatamodeld in Sources */ = {isa = PBXBuildFile; fileRef = 205675B520764816003144BA /* Les_monuments_franc_ais.xcdatamodeld */; };
		205675B920764817003144BA /* Assets.xcassets in Resources */ = {isa = PBXBuildFile; fileRef = 205675B820764817003144BA /* Assets.xcassets */; };
		205675BC20764817003144BA /* LaunchScreen.storyboard in Resources */ = {isa = PBXBuildFile; fileRef = 205675BA20764817003144BA /* LaunchScreen.storyboard */; };
		205675C72076485E003144BA /* CarteController.swift in Sources */ = {isa = PBXBuildFile; fileRef = 205675C62076485E003144BA /* CarteController.swift */; };
		205675C920764CBA003144BA /* CLLocationExtension.swift in Sources */ = {isa = PBXBuildFile; fileRef = 205675C820764CBA003144BA /* CLLocationExtension.swift */; };
		205675CB207657F9003144BA /* Monument.swift in Sources */ = {isa = PBXBuildFile; fileRef = 205675CA207657F9003144BA /* Monument.swift */; };
		205675CD20765C37003144BA /* MonAnnotation.swift in Sources */ = {isa = PBXBuildFile; fileRef = 205675CC20765C37003144BA /* MonAnnotation.swift */; };
		205675CF20765FA1003144BA /* MonGeocoder.swift in Sources */ = {isa = PBXBuildFile; fileRef = 205675CE20765FA1003144BA /* MonGeocoder.swift */; };
		205675D1207662A1003144BA /* AnnotationVue.swift in Sources */ = {isa = PBXBuildFile; fileRef = 205675D0207662A1003144BA /* AnnotationVue.swift */; };
/* End PBXBuildFile section */

/* Begin PBXFileReference section */
		205675AB20764816003144BA /* Les monuments français.app */ = {isa = PBXFileReference; explicitFileType = wrapper.application; includeInIndex = 0; path = "Les monuments français.app"; sourceTree = BUILT_PRODUCTS_DIR; };
		205675AE20764816003144BA /* AppDelegate.swift */ = {isa = PBXFileReference; lastKnownFileType = sourcecode.swift; path = AppDelegate.swift; sourceTree = "<group>"; };
		205675B320764816003144BA /* Base */ = {isa = PBXFileReference; lastKnownFileType = file.storyboard; name = Base; path = Base.lproj/Main.storyboard; sourceTree = "<group>"; };
		205675B620764816003144BA /* Les_monuments_franc_ais.xcdatamodel */ = {isa = PBXFileReference; lastKnownFileType = wrapper.xcdatamodel; path = Les_monuments_franc_ais.xcdatamodel; sourceTree = "<group>"; };
		205675B820764817003144BA /* Assets.xcassets */ = {isa = PBXFileReference; lastKnownFileType = folder.assetcatalog; path = Assets.xcassets; sourceTree = "<group>"; };
		205675BB20764817003144BA /* Base */ = {isa = PBXFileReference; lastKnownFileType = file.storyboard; name = Base; path = Base.lproj/LaunchScreen.storyboard; sourceTree = "<group>"; };
		205675BD20764817003144BA /* Info.plist */ = {isa = PBXFileReference; lastKnownFileType = text.plist.xml; path = Info.plist; sourceTree = "<group>"; };
		205675C62076485E003144BA /* CarteController.swift */ = {isa = PBXFileReference; lastKnownFileType = sourcecode.swift; path = CarteController.swift; sourceTree = "<group>"; };
		205675C820764CBA003144BA /* CLLocationExtension.swift */ = {isa = PBXFileReference; lastKnownFileType = sourcecode.swift; path = CLLocationExtension.swift; sourceTree = "<group>"; };
		205675CA207657F9003144BA /* Monument.swift */ = {isa = PBXFileReference; lastKnownFileType = sourcecode.swift; path = Monument.swift; sourceTree = "<group>"; };
		205675CC20765C37003144BA /* MonAnnotation.swift */ = {isa = PBXFileReference; lastKnownFileType = sourcecode.swift; path = MonAnnotation.swift; sourceTree = "<group>"; };
		205675CE20765FA1003144BA /* MonGeocoder.swift */ = {isa = PBXFileReference; lastKnownFileType = sourcecode.swift; path = MonGeocoder.swift; sourceTree = "<group>"; };
		205675D0207662A1003144BA /* AnnotationVue.swift */ = {isa = PBXFileReference; lastKnownFileType = sourcecode.swift; path = AnnotationVue.swift; sourceTree = "<group>"; };
/* End PBXFileReference section */

/* Begin PBXFrameworksBuildPhase section */
		205675A820764816003144BA /* Frameworks */ = {
			isa = PBXFrameworksBuildPhase;
			buildActionMask = 2147483647;
			files = (
			);
			runOnlyForDeploymentPostprocessing = 0;
		};
/* End PBXFrameworksBuildPhase section */

/* Begin PBXGroup section */
		205675A220764816003144BA = {
			isa = PBXGroup;
			children = (
				205675AD20764816003144BA /* Les monuments français */,
				205675AC20764816003144BA /* Products */,
			);
			sourceTree = "<group>";
		};
		205675AC20764816003144BA /* Products */ = {
			isa = PBXGroup;
			children = (
				205675AB20764816003144BA /* Les monuments français.app */,
			);
			name = Products;
			sourceTree = "<group>";
		};
		205675AD20764816003144BA /* Les monuments français */ = {
			isa = PBXGroup;
			children = (
				205675C520764847003144BA /* Modele */,
				205675C420764842003144BA /* Vue */,
				205675C32076483D003144BA /* Controller */,
				205675AE20764816003144BA /* AppDelegate.swift */,
				205675B220764816003144BA /* Main.storyboard */,
				205675B820764817003144BA /* Assets.xcassets */,
				205675BA20764817003144BA /* LaunchScreen.storyboard */,
				205675BD20764817003144BA /* Info.plist */,
				205675B520764816003144BA /* Les_monuments_franc_ais.xcdatamodeld */,
			);
			path = "Les monuments français";
			sourceTree = "<group>";
		};
		205675C32076483D003144BA /* Controller */ = {
			isa = PBXGroup;
			children = (
				205675C62076485E003144BA /* CarteController.swift */,
				205675C820764CBA003144BA /* CLLocationExtension.swift */,
			);
			path = Controller;
			sourceTree = "<group>";
		};
		205675C420764842003144BA /* Vue */ = {
			isa = PBXGroup;
			children = (
				205675D0207662A1003144BA /* AnnotationVue.swift */,
			);
			path = Vue;
			sourceTree = "<group>";
		};
		205675C520764847003144BA /* Modele */ = {
			isa = PBXGroup;
			children = (
				205675CA207657F9003144BA /* Monument.swift */,
				205675CC20765C37003144BA /* MonAnnotation.swift */,
				205675CE20765FA1003144BA /* MonGeocoder.swift */,
			);
			path = Modele;
			sourceTree = "<group>";
		};
/* End PBXGroup section */

/* Begin PBXNativeTarget section */
		205675AA20764816003144BA /* Les monuments français */ = {
			isa = PBXNativeTarget;
			buildConfigurationList = 205675C020764817003144BA /* Build configuration list for PBXNativeTarget "Les monuments français" */;
			buildPhases = (
				205675A720764816003144BA /* Sources */,
				205675A820764816003144BA /* Frameworks */,
				205675A920764816003144BA /* Resources */,
			);
			buildRules = (
			);
			dependencies = (
			);
			name = "Les monuments français";
			productName = "Les monuments français";
			productReference = 205675AB20764816003144BA /* Les monuments français.app */;
			productType = "com.apple.product-type.application";
		};
/* End PBXNativeTarget section */

/* Begin PBXProject section */
		205675A320764816003144BA /* Project object */ = {
			isa = PBXProject;
			attributes = {
				LastSwiftUpdateCheck = 0930;
				LastUpgradeCheck = 0930;
				ORGANIZATIONNAME = "Dea-loC";
				TargetAttributes = {
					205675AA20764816003144BA = {
						CreatedOnToolsVersion = 9.3;
					};
				};
			};
			buildConfigurationList = 205675A620764816003144BA /* Build configuration list for PBXProject "Les monuments français" */;
			compatibilityVersion = "Xcode 9.3";
			developmentRegion = en;
			hasScannedForEncodings = 0;
			knownRegions = (
				en,
				Base,
			);
			mainGroup = 205675A220764816003144BA;
			productRefGroup = 205675AC20764816003144BA /* Products */;
			projectDirPath = "";
			projectRoot = "";
			targets = (
				205675AA20764816003144BA /* Les monuments français */,
			);
		};
/* End PBXProject section */

/* Begin PBXResourcesBuildPhase section */
		205675A920764816003144BA /* Resources */ = {
			isa = PBXResourcesBuildPhase;
			buildActionMask = 2147483647;
			files = (
				205675BC20764817003144BA /* LaunchScreen.storyboard in Resources */,
				205675B920764817003144BA /* Assets.xcassets in Resources */,
				205675B420764816003144BA /* Main.storyboard in Resources */,
			);
			runOnlyForDeploymentPostprocessing = 0;
		};
/* End PBXResourcesBuildPhase section */

/* Begin PBXSourcesBuildPhase section */
		205675A720764816003144BA /* Sources */ = {
			isa = PBXSourcesBuildPhase;
			buildActionMask = 2147483647;
			files = (
				205675B720764816003144BA /* Les_monuments_franc_ais.xcdatamodeld in Sources */,
				205675D1207662A1003144BA /* AnnotationVue.swift in Sources */,
				205675CB207657F9003144BA /* Monument.swift in Sources */,
				205675CF20765FA1003144BA /* MonGeocoder.swift in Sources */,
				205675C920764CBA003144BA /* CLLocationExtension.swift in Sources */,
				205675CD20765C37003144BA /* MonAnnotation.swift in Sources */,
				205675C72076485E003144BA /* CarteController.swift in Sources */,
				205675AF20764816003144BA /* AppDelegate.swift in Sources */,
			);
			runOnlyForDeploymentPostprocessing = 0;
		};
/* End PBXSourcesBuildPhase section */

/* Begin PBXVariantGroup section */
		205675B220764816003144BA /* Main.storyboard */ = {
			isa = PBXVariantGroup;
			children = (
				205675B320764816003144BA /* Base */,
			);
			name = Main.storyboard;
			sourceTree = "<group>";
		};
		205675BA20764817003144BA /* LaunchScreen.storyboard */ = {
			isa = PBXVariantGroup;
			children = (
				205675BB20764817003144BA /* Base */,
			);
			name = LaunchScreen.storyboard;
			sourceTree = "<group>";
		};
/* End PBXVariantGroup section */

/* Begin XCBuildConfiguration section */
		205675BE20764817003144BA /* Debug */ = {
			isa = XCBuildConfiguration;
			buildSettings = {
				ALWAYS_SEARCH_USER_PATHS = NO;
				CLANG_ANALYZER_NONNULL = YES;
				CLANG_ANALYZER_NUMBER_OBJECT_CONVERSION = YES_AGGRESSIVE;
				CLANG_CXX_LANGUAGE_STANDARD = "gnu++14";
				CLANG_CXX_LIBRARY = "libc++";
				CLANG_ENABLE_MODULES = YES;
				CLANG_ENABLE_OBJC_ARC = YES;
				CLANG_ENABLE_OBJC_WEAK = YES;
				CLANG_WARN_BLOCK_CAPTURE_AUTORELEASING = YES;
				CLANG_WARN_BOOL_CONVERSION = YES;
				CLANG_WARN_COMMA = YES;
				CLANG_WARN_CONSTANT_CONVERSION = YES;
				CLANG_WARN_DEPRECATED_OBJC_IMPLEMENTATIONS = YES;
				CLANG_WARN_DIRECT_OBJC_ISA_USAGE = YES_ERROR;
				CLANG_WARN_DOCUMENTATION_COMMENTS = YES;
				CLANG_WARN_EMPTY_BODY = YES;
				CLANG_WARN_ENUM_CONVERSION = YES;
				CLANG_WARN_INFINITE_RECURSION = YES;
				CLANG_WARN_INT_CONVERSION = YES;
				CLANG_WARN_NON_LITERAL_NULL_CONVERSION = YES;
				CLANG_WARN_OBJC_IMPLICIT_RETAIN_SELF = YES;
				CLANG_WARN_OBJC_LITERAL_CONVERSION = YES;
				CLANG_WARN_OBJC_ROOT_CLASS = YES_ERROR;
				CLANG_WARN_RANGE_LOOP_ANALYSIS = YES;
				CLANG_WARN_STRICT_PROTOTYPES = YES;
				CLANG_WARN_SUSPICIOUS_MOVE = YES;
				CLANG_WARN_UNGUARDED_AVAILABILITY = YES_AGGRESSIVE;
				CLANG_WARN_UNREACHABLE_CODE = YES;
				CLANG_WARN__DUPLICATE_METHOD_MATCH = YES;
				CODE_SIGN_IDENTITY = "iPhone Developer";
				COPY_PHASE_STRIP = NO;
				DEBUG_INFORMATION_FORMAT = dwarf;
				ENABLE_STRICT_OBJC_MSGSEND = YES;
				ENABLE_TESTABILITY = YES;
				GCC_C_LANGUAGE_STANDARD = gnu11;
				GCC_DYNAMIC_NO_PIC = NO;
				GCC_NO_COMMON_BLOCKS = YES;
				GCC_OPTIMIZATION_LEVEL = 0;
				GCC_PREPROCESSOR_DEFINITIONS = (
					"DEBUG=1",
					"$(inherited)",
				);
				GCC_WARN_64_TO_32_BIT_CONVERSION = YES;
				GCC_WARN_ABOUT_RETURN_TYPE = YES_ERROR;
				GCC_WARN_UNDECLARED_SELECTOR = YES;
				GCC_WARN_UNINITIALIZED_AUTOS = YES_AGGRESSIVE;
				GCC_WARN_UNUSED_FUNCTION = YES;
				GCC_WARN_UNUSED_VARIABLE = YES;
				IPHONEOS_DEPLOYMENT_TARGET = 11.3;
				MTL_ENABLE_DEBUG_INFO = YES;
				ONLY_ACTIVE_ARCH = YES;
				SDKROOT = iphoneos;
				SWIFT_ACTIVE_COMPILATION_CONDITIONS = DEBUG;
				SWIFT_OPTIMIZATION_LEVEL = "-Onone";
			};
			name = Debug;
		};
		205675BF20764817003144BA /* Release */ = {
			isa = XCBuildConfiguration;
			buildSettings = {
				ALWAYS_SEARCH_USER_PATHS = NO;
				CLANG_ANALYZER_NONNULL = YES;
				CLANG_ANALYZER_NUMBER_OBJECT_CONVERSION = YES_AGGRESSIVE;
				CLANG_CXX_LANGUAGE_STANDARD = "gnu++14";
				CLANG_CXX_LIBRARY = "libc++";
				CLANG_ENABLE_MODULES = YES;
				CLANG_ENABLE_OBJC_ARC = YES;
				CLANG_ENABLE_OBJC_WEAK = YES;
				CLANG_WARN_BLOCK_CAPTURE_AUTORELEASING = YES;
				CLANG_WARN_BOOL_CONVERSION = YES;
				CLANG_WARN_COMMA = YES;
				CLANG_WARN_CONSTANT_CONVERSION = YES;
				CLANG_WARN_DEPRECATED_OBJC_IMPLEMENTATIONS = YES;
				CLANG_WARN_DIRECT_OBJC_ISA_USAGE = YES_ERROR;
				CLANG_WARN_DOCUMENTATION_COMMENTS = YES;
				CLANG_WARN_EMPTY_BODY = YES;
				CLANG_WARN_ENUM_CONVERSION = YES;
				CLANG_WARN_INFINITE_RECURSION = YES;
				CLANG_WARN_INT_CONVERSION = YES;
				CLANG_WARN_NON_LITERAL_NULL_CONVERSION = YES;
				CLANG_WARN_OBJC_IMPLICIT_RETAIN_SELF = YES;
				CLANG_WARN_OBJC_LITERAL_CONVERSION = YES;
				CLANG_WARN_OBJC_ROOT_CLASS = YES_ERROR;
				CLANG_WARN_RANGE_LOOP_ANALYSIS = YES;
				CLANG_WARN_STRICT_PROTOTYPES = YES;
				CLANG_WARN_SUSPICIOUS_MOVE = YES;
				CLANG_WARN_UNGUARDED_AVAILABILITY = YES_AGGRESSIVE;
				CLANG_WARN_UNREACHABLE_CODE = YES;
				CLANG_WARN__DUPLICATE_METHOD_MATCH = YES;
				CODE_SIGN_IDENTITY = "iPhone Developer";
				COPY_PHASE_STRIP = NO;
				DEBUG_INFORMATION_FORMAT = "dwarf-with-dsym";
				ENABLE_NS_ASSERTIONS = NO;
				ENABLE_STRICT_OBJC_MSGSEND = YES;
				GCC_C_LANGUAGE_STANDARD = gnu11;
				GCC_NO_COMMON_BLOCKS = YES;
				GCC_WARN_64_TO_32_BIT_CONVERSION = YES;
				GCC_WARN_ABOUT_RETURN_TYPE = YES_ERROR;
				GCC_WARN_UNDECLARED_SELECTOR = YES;
				GCC_WARN_UNINITIALIZED_AUTOS = YES_AGGRESSIVE;
				GCC_WARN_UNUSED_FUNCTION = YES;
				GCC_WARN_UNUSED_VARIABLE = YES;
				IPHONEOS_DEPLOYMENT_TARGET = 11.3;
				MTL_ENABLE_DEBUG_INFO = NO;
				SDKROOT = iphoneos;
				SWIFT_COMPILATION_MODE = wholemodule;
				SWIFT_OPTIMIZATION_LEVEL = "-O";
				VALIDATE_PRODUCT = YES;
			};
			name = Release;
		};
		205675C120764817003144BA /* Debug */ = {
			isa = XCBuildConfiguration;
			buildSettings = {
				ASSETCATALOG_COMPILER_APPICON_NAME = AppIcon;
				CODE_SIGN_STYLE = Automatic;
				DEVELOPMENT_TEAM = HM7W758N94;
				INFOPLIST_FILE = "Les monuments français/Info.plist";
				LD_RUNPATH_SEARCH_PATHS = (
					"$(inherited)",
					"@executable_path/Frameworks",
				);
				PRODUCT_BUNDLE_IDENTIFIER = com.dealoc.Morpion;
				PRODUCT_NAME = "$(TARGET_NAME)";
				SWIFT_VERSION = 4.0;
				TARGETED_DEVICE_FAMILY = "1,2";
			};
			name = Debug;
		};
		205675C220764817003144BA /* Release */ = {
			isa = XCBuildConfiguration;
			buildSettings = {
				ASSETCATALOG_COMPILER_APPICON_NAME = AppIcon;
				CODE_SIGN_STYLE = Automatic;
				DEVELOPMENT_TEAM = HM7W758N94;
				INFOPLIST_FILE = "Les monuments français/Info.plist";
				LD_RUNPATH_SEARCH_PATHS = (
					"$(inherited)",
					"@executable_path/Frameworks",
				);
				PRODUCT_BUNDLE_IDENTIFIER = com.dealoc.Morpion;
				PRODUCT_NAME = "$(TARGET_NAME)";
				SWIFT_VERSION = 4.0;
				TARGETED_DEVICE_FAMILY = "1,2";
			};
			name = Release;
		};
/* End XCBuildConfiguration section */

/* Begin XCConfigurationList section */
		205675A620764816003144BA /* Build configuration list for PBXProject "Les monuments français" */ = {
			isa = XCConfigurationList;
			buildConfigurations = (
				205675BE20764817003144BA /* Debug */,
				205675BF20764817003144BA /* Release */,
			);
			defaultConfigurationIsVisible = 0;
			defaultConfigurationName = Release;
		};
		205675C020764817003144BA /* Build configuration list for PBXNativeTarget "Les monuments français" */ = {
			isa = XCConfigurationList;
			buildConfigurations = (
				205675C120764817003144BA /* Debug */,
				205675C220764817003144BA /* Release */,
			);
			defaultConfigurationIsVisible = 0;
			defaultConfigurationName = Release;
		};
/* End XCConfigurationList section */

/* Begin XCVersionGroup section */
		205675B520764816003144BA /* Les_monuments_franc_ais.xcdatamodeld */ = {
			isa = XCVersionGroup;
			children = (
				205675B620764816003144BA /* Les_monuments_franc_ais.xcdatamodel */,
			);
			currentVersion = 205675B620764816003144BA /* Les_monuments_franc_ais.xcdatamodel */;
			path = Les_monuments_franc_ais.xcdatamodeld;
			sourceTree = "<group>";
			versionGroupType = wrapper.xcdatamodel;
		};
/* End XCVersionGroup section */
	};
	rootObject = 205675A320764816003144BA /* Project object */;
}
